// !$*UTF8*$!
{
	archiveVersion = 1;
	classes = {
	};
	objectVersion = 48;
	objects = {

/* Begin PBXBuildFile section */
		C664D6E420208B7100B46B61 /* TableViewController.swift in Sources */ = {isa = PBXBuildFile; fileRef = C664D6E320208B7100B46B61 /* TableViewController.swift */; };
		C6E303DA20202CBA00758927 /* AppDelegate.swift in Sources */ = {isa = PBXBuildFile; fileRef = C6E303D920202CBA00758927 /* AppDelegate.swift */; };
		C6E303DC20202CBA00758927 /* ViewController.swift in Sources */ = {isa = PBXBuildFile; fileRef = C6E303DB20202CBA00758927 /* ViewController.swift */; };
		C6E303DF20202CBA00758927 /* Main.storyboard in Resources */ = {isa = PBXBuildFile; fileRef = C6E303DD20202CBA00758927 /* Main.storyboard */; };
		C6E303E120202CBA00758927 /* Assets.xcassets in Resources */ = {isa = PBXBuildFile; fileRef = C6E303E020202CBA00758927 /* Assets.xcassets */; };
		C6E303E420202CBA00758927 /* LaunchScreen.storyboard in Resources */ = {isa = PBXBuildFile; fileRef = C6E303E220202CBA00758927 /* LaunchScreen.storyboard */; };
/* End PBXBuildFile section */

/* Begin PBXFileReference section */
		C664D6E320208B7100B46B61 /* TableViewController.swift */ = {isa = PBXFileReference; lastKnownFileType = sourcecode.swift; path = TableViewController.swift; sourceTree = "<group>"; };
		C6E303D620202CBA00758927 /* TableWebImage.app */ = {isa = PBXFileReference; explicitFileType = wrapper.application; includeInIndex = 0; path = TableWebImage.app; sourceTree = BUILT_PRODUCTS_DIR; };
		C6E303D920202CBA00758927 /* AppDelegate.swift */ = {isa = PBXFileReference; lastKnownFileType = sourcecode.swift; path = AppDelegate.swift; sourceTree = "<group>"; };
		C6E303DB20202CBA00758927 /* ViewController.swift */ = {isa = PBXFileReference; lastKnownFileType = sourcecode.swift; path = ViewController.swift; sourceTree = "<group>"; };
		C6E303DE20202CBA00758927 /* Base */ = {isa = PBXFileReference; lastKnownFileType = file.storyboard; name = Base; path = Base.lproj/Main.storyboard; sourceTree = "<group>"; };
		C6E303E020202CBA00758927 /* Assets.xcassets */ = {isa = PBXFileReference; lastKnownFileType = folder.assetcatalog; path = Assets.xcassets; sourceTree = "<group>"; };
		C6E303E320202CBA00758927 /* Base */ = {isa = PBXFileReference; lastKnownFileType = file.storyboard; name = Base; path = Base.lproj/LaunchScreen.storyboard; sourceTree = "<group>"; };
		C6E303E520202CBA00758927 /* Info.plist */ = {isa = PBXFileReference; lastKnownFileType = text.plist.xml; path = Info.plist; sourceTree = "<group>"; };
/* End PBXFileReference section */

/* Begin PBXFrameworksBuildPhase section */
		C6E303D320202CBA00758927 /* Frameworks */ = {
			isa = PBXFrameworksBuildPhase;
			buildActionMask = 2147483647;
			files = (
			);
			runOnlyForDeploymentPostprocessing = 0;
		};
/* End PBXFrameworksBuildPhase section */

/* Begin PBXGroup section */
		C6E303CD20202CBA00758927 = {
			isa = PBXGroup;
			children = (
				C6E303D820202CBA00758927 /* TableWebImage */,
				C6E303D720202CBA00758927 /* Products */,
			);
			sourceTree = "<group>";
		};
		C6E303D720202CBA00758927 /* Products */ = {
			isa = PBXGroup;
			children = (
				C6E303D620202CBA00758927 /* TableWebImage.app */,
			);
			name = Products;
			sourceTree = "<group>";
		};
		C6E303D820202CBA00758927 /* TableWebImage */ = {
			isa = PBXGroup;
			children = (
				C6E303D920202CBA00758927 /* AppDelegate.swift */,
				C6E303DB20202CBA00758927 /* ViewController.swift */,
				C664D6E320208B7100B46B61 /* TableViewController.swift */,
				C6E303DD20202CBA00758927 /* Main.storyboard */,
				C6E303E020202CBA00758927 /* Assets.xcassets */,
				C6E303E220202CBA00758927 /* LaunchScreen.storyboard */,
				C6E303E520202CBA00758927 /* Info.plist */,
			);
			path = TableWebImage;
			sourceTree = "<group>";
		};
/* End PBXGroup section */

/* Begin PBXNativeTarget section */
		C6E303D520202CBA00758927 /* TableWebImage */ = {
			isa = PBXNativeTarget;
			buildConfigurationList = C6E303E820202CBA00758927 /* Build configuration list for PBXNativeTarget "TableWebImage" */;
			buildPhases = (
				C6E303D220202CBA00758927 /* Sources */,
				C6E303D320202CBA00758927 /* Frameworks */,
				C6E303D420202CBA00758927 /* Resources */,
			);
			buildRules = (
			);
			dependencies = (
			);
			name = TableWebImage;
			productName = TableWebImage;
			productReference = C6E303D620202CBA00758927 /* TableWebImage.app */;
			productType = "com.apple.product-type.application";
		};
/* End PBXNativeTarget section */

/* Begin PBXProject section */
		C6E303CE20202CBA00758927 /* Project object */ = {
			isa = PBXProject;
			attributes = {
				LastSwiftUpdateCheck = 0910;
				LastUpgradeCheck = 0910;
				ORGANIZATIONNAME = Im100ruv;
				TargetAttributes = {
					C6E303D520202CBA00758927 = {
						CreatedOnToolsVersion = 9.1;
						ProvisioningStyle = Automatic;
					};
				};
			};
			buildConfigurationList = C6E303D120202CBA00758927 /* Build configuration list for PBXProject "TableWebImage" */;
			compatibilityVersion = "Xcode 8.0";
			developmentRegion = en;
			hasScannedForEncodings = 0;
			knownRegions = (
				en,
				Base,
			);
			mainGroup = C6E303CD20202CBA00758927;
			productRefGroup = C6E303D720202CBA00758927 /* Products */;
			projectDirPath = "";
			projectRoot = "";
			targets = (
				C6E303D520202CBA00758927 /* TableWebImage */,
			);
		};
/* End PBXProject section */

/* Begin PBXResourcesBuildPhase section */
		C6E303D420202CBA00758927 /* Resources */ = {
			isa = PBXResourcesBuildPhase;
			buildActionMask = 2147483647;
			files = (
				C6E303E420202CBA00758927 /* LaunchScreen.storyboard in Resources */,
				C6E303E120202CBA00758927 /* Assets.xcassets in Resources */,
				C6E303DF20202CBA00758927 /* Main.storyboard in Resources */,
			);
			runOnlyForDeploymentPostprocessing = 0;
		};
/* End PBXResourcesBuildPhase section */

/* Begin PBXSourcesBuildPhase section */
		C6E303D220202CBA00758927 /* Sources */ = {
			isa = PBXSourcesBuildPhase;
			buildActionMask = 2147483647;
			files = (
				C6E303DC20202CBA00758927 /* ViewController.swift in Sources */,
				C664D6E420208B7100B46B61 /* TableViewController.swift in Sources */,
				C6E303DA20202CBA00758927 /* AppDelegate.swift in Sources */,
			);
			runOnlyForDeploymentPostprocessing = 0;
		};
/* End PBXSourcesBuildPhase section */

/* Begin PBXVariantGroup section */
		C6E303DD20202CBA00758927 /* Main.storyboard */ = {
			isa = PBXVariantGroup;
			children = (
				C6E303DE20202CBA00758927 /* Base */,
			);
			name = Main.storyboard;
			sourceTree = "<group>";
		};
		C6E303E220202CBA00758927 /* LaunchScreen.storyboard */ = {
			isa = PBXVariantGroup;
			children = (
				C6E303E320202CBA00758927 /* Base */,
			);
			name = LaunchScreen.storyboard;
			sourceTree = "<group>";
		};
/* End PBXVariantGroup section */

/* Begin XCBuildConfiguration section */
		C6E303E620202CBA00758927 /* Debug */ = {
			isa = XCBuildConfiguration;
			buildSettings = {
				ALWAYS_SEARCH_USER_PATHS = NO;
				CLANG_ANALYZER_NONNULL = YES;
				CLANG_ANALYZER_NUMBER_OBJECT_CONVERSION = YES_AGGRESSIVE;
				CLANG_CXX_LANGUAGE_STANDARD = "gnu++14";
				CLANG_CXX_LIBRARY = "libc++";
				CLANG_ENABLE_MODULES = YES;
				CLANG_ENABLE_OBJC_ARC = YES;
				CLANG_WARN_BLOCK_CAPTURE_AUTORELEASING = YES;
				CLANG_WARN_BOOL_CONVERSION = YES;
				CLANG_WARN_COMMA = YES;
				CLANG_WARN_CONSTANT_CONVERSION = YES;
				CLANG_WARN_DIRECT_OBJC_ISA_USAGE = YES_ERROR;
				CLANG_WARN_DOCUMENTATION_COMMENTS = YES;
				CLANG_WARN_EMPTY_BODY = YES;
				CLANG_WARN_ENUM_CONVERSION = YES;
				CLANG_WARN_INFINITE_RECURSION = YES;
				CLANG_WARN_INT_CONVERSION = YES;
				CLANG_WARN_NON_LITERAL_NULL_CONVERSION = YES;
				CLANG_WARN_OBJC_LITERAL_CONVERSION = YES;
				CLANG_WARN_OBJC_ROOT_CLASS = YES_ERROR;
				CLANG_WARN_RANGE_LOOP_ANALYSIS = YES;
				CLANG_WARN_STRICT_PROTOTYPES = YES;
				CLANG_WARN_SUSPICIOUS_MOVE = YES;
				CLANG_WARN_UNGUARDED_AVAILABILITY = YES_AGGRESSIVE;
				CLANG_WARN_UNREACHABLE_CODE = YES;
				CLANG_WARN__DUPLICATE_METHOD_MATCH = YES;
				CODE_SIGN_IDENTITY = "iPhone Developer";
				COPY_PHASE_STRIP = NO;
				DEBUG_INFORMATION_FORMAT = dwarf;
				ENABLE_STRICT_OBJC_MSGSEND = YES;
				ENABLE_TESTABILITY = YES;
				GCC_C_LANGUAGE_STANDARD = gnu11;
				GCC_DYNAMIC_NO_PIC = NO;
				GCC_NO_COMMON_BLOCKS = YES;
				GCC_OPTIMIZATION_LEVEL = 0;
				GCC_PREPROCESSOR_DEFINITIONS = (
					"DEBUG=1",
					"$(inherited)",
				);
				GCC_WARN_64_TO_32_BIT_CONVERSION = YES;
				GCC_WARN_ABOUT_RETURN_TYPE = YES_ERROR;
				GCC_WARN_UNDECLARED_SELECTOR = YES;
				GCC_WARN_UNINITIALIZED_AUTOS = YES_AGGRESSIVE;
				GCC_WARN_UNUSED_FUNCTION = YES;
				GCC_WARN_UNUSED_VARIABLE = YES;
				IPHONEOS_DEPLOYMENT_TARGET = 11.1;
				MTL_ENABLE_DEBUG_INFO = YES;
				ONLY_ACTIVE_ARCH = YES;
				SDKROOT = iphoneos;
				SWIFT_ACTIVE_COMPILATION_CONDITIONS = DEBUG;
				SWIFT_OPTIMIZATION_LEVEL = "-Onone";
			};
			name = Debug;
		};
		C6E303E720202CBA00758927 /* Release */ = {
			isa = XCBuildConfiguration;
			buildSettings = {
				ALWAYS_SEARCH_USER_PATHS = NO;
				CLANG_ANALYZER_NONNULL = YES;
				CLANG_ANALYZER_NUMBER_OBJECT_CONVERSION = YES_AGGRESSIVE;
				CLANG_CXX_LANGUAGE_STANDARD = "gnu++14";
				CLANG_CXX_LIBRARY = "libc++";
				CLANG_ENABLE_MODULES = YES;
				CLANG_ENABLE_OBJC_ARC = YES;
				CLANG_WARN_BLOCK_CAPTURE_AUTORELEASING = YES;
				CLANG_WARN_BOOL_CONVERSION = YES;
				CLANG_WARN_COMMA = YES;
				CLANG_WARN_CONSTANT_CONVERSION = YES;
				CLANG_WARN_DIRECT_OBJC_ISA_USAGE = YES_ERROR;
				CLANG_WARN_DOCUMENTATION_COMMENTS = YES;
				CLANG_WARN_EMPTY_BODY = YES;
				CLANG_WARN_ENUM_CONVERSION = YES;
				CLANG_WARN_INFINITE_RECURSION = YES;
				CLANG_WARN_INT_CONVERSION = YES;
				CLANG_WARN_NON_LITERAL_NULL_CONVERSION = YES;
				CLANG_WARN_OBJC_LITERAL_CONVERSION = YES;
				CLANG_WARN_OBJC_ROOT_CLASS = YES_ERROR;
				CLANG_WARN_RANGE_LOOP_ANALYSIS = YES;
				CLANG_WARN_STRICT_PROTOTYPES = YES;
				CLANG_WARN_SUSPICIOUS_MOVE = YES;
				CLANG_WARN_UNGUARDED_AVAILABILITY = YES_AGGRESSIVE;
				CLANG_WARN_UNREACHABLE_CODE = YES;
				CLANG_WARN__DUPLICATE_METHOD_MATCH = YES;
				CODE_SIGN_IDENTITY = "iPhone Developer";
				COPY_PHASE_STRIP = NO;
				DEBUG_INFORMATION_FORMAT = "dwarf-with-dsym";
				ENABLE_NS_ASSERTIONS = NO;
				ENABLE_STRICT_OBJC_MSGSEND = YES;
				GCC_C_LANGUAGE_STANDARD = gnu11;
				GCC_NO_COMMON_BLOCKS = YES;
				GCC_WARN_64_TO_32_BIT_CONVERSION = YES;
				GCC_WARN_ABOUT_RETURN_TYPE = YES_ERROR;
				GCC_WARN_UNDECLARED_SELECTOR = YES;
				GCC_WARN_UNINITIALIZED_AUTOS = YES_AGGRESSIVE;
				GCC_WARN_UNUSED_FUNCTION = YES;
				GCC_WARN_UNUSED_VARIABLE = YES;
				IPHONEOS_DEPLOYMENT_TARGET = 11.1;
				MTL_ENABLE_DEBUG_INFO = NO;
				SDKROOT = iphoneos;
				SWIFT_OPTIMIZATION_LEVEL = "-Owholemodule";
				VALIDATE_PRODUCT = YES;
			};
			name = Release;
		};
		C6E303E920202CBA00758927 /* Debug */ = {
			isa = XCBuildConfiguration;
			buildSettings = {
				ASSETCATALOG_COMPILER_APPICON_NAME = AppIcon;
				CODE_SIGN_STYLE = Automatic;
				INFOPLIST_FILE = TableWebImage/Info.plist;
				LD_RUNPATH_SEARCH_PATHS = "$(inherited) @executable_path/Frameworks";
				PRODUCT_BUNDLE_IDENTIFIER = com.im100ruv.TableWebImage;
				PRODUCT_NAME = "$(TARGET_NAME)";
				SWIFT_VERSION = 4.0;
				TARGETED_DEVICE_FAMILY = "1,2";
			};
			name = Debug;
		};
		C6E303EA20202CBA00758927 /* Release */ = {
			isa = XCBuildConfiguration;
			buildSettings = {
				ASSETCATALOG_COMPILER_APPICON_NAME = AppIcon;
				CODE_SIGN_STYLE = Automatic;
				INFOPLIST_FILE = TableWebImage/Info.plist;
				LD_RUNPATH_SEARCH_PATHS = "$(inherited) @executable_path/Frameworks";
				PRODUCT_BUNDLE_IDENTIFIER = com.im100ruv.TableWebImage;
				PRODUCT_NAME = "$(TARGET_NAME)";
				SWIFT_VERSION = 4.0;
				TARGETED_DEVICE_FAMILY = "1,2";
			};
			name = Release;
		};
/* End XCBuildConfiguration section */

/* Begin XCConfigurationList section */
		C6E303D120202CBA00758927 /* Build configuration list for PBXProject "TableWebImage" */ = {
			isa = XCConfigurationList;
			buildConfigurations = (
				C6E303E620202CBA00758927 /* Debug */,
				C6E303E720202CBA00758927 /* Release */,
			);
			defaultConfigurationIsVisible = 0;
			defaultConfigurationName = Release;
		};
		C6E303E820202CBA00758927 /* Build configuration list for PBXNativeTarget "TableWebImage" */ = {
			isa = XCConfigurationList;
			buildConfigurations = (
				C6E303E920202CBA00758927 /* Debug */,
				C6E303EA20202CBA00758927 /* Release */,
			);
			defaultConfigurationIsVisible = 0;
			defaultConfigurationName = Release;
		};
/* End XCConfigurationList section */
	};
	rootObject = C6E303CE20202CBA00758927 /* Project object */;
}
